
Microsoft Visual Studio Solution File, Format Version 12.00
# Visual Studio Version 17
VisualStudioVersion = 17.3.32825.248
MinimumVisualStudioVersion = 10.0.40219.1
Project("{FAE04EC0-301F-11D3-BF4B-00C04F79EFBC}") = "Lab5_OOP(brigada 3)", "Lab5_OOP(brigada 3)\Lab5_OOP(brigada 3).csproj", "{0F10A7AA-9DF0-4D0F-83DE-88B749A32C8A}"
EndProject
Global
	GlobalSection(SolutionConfigurationPlatforms) = preSolution
		Debug|Any CPU = Debug|Any CPU
		Release|Any CPU = Release|Any CPU
	EndGlobalSection
	GlobalSection(ProjectConfigurationPlatforms) = postSolution
		{0F10A7AA-9DF0-4D0F-83DE-88B749A32C8A}.Debug|Any CPU.ActiveCfg = Debug|Any CPU
		{0F10A7AA-9DF0-4D0F-83DE-88B749A32C8A}.Debug|Any CPU.Build.0 = Debug|Any CPU
		{0F10A7AA-9DF0-4D0F-83DE-88B749A32C8A}.Release|Any CPU.ActiveCfg = Release|Any CPU
		{0F10A7AA-9DF0-4D0F-83DE-88B749A32C8A}.Release|Any CPU.Build.0 = Release|Any CPU
	EndGlobalSection
	GlobalSection(SolutionProperties) = preSolution
		HideSolutionNode = FALSE
	EndGlobalSection
	GlobalSection(ExtensibilityGlobals) = postSolution
		SolutionGuid = {21086312-E228-45EF-9FAF-16DC707AB2C5}
	EndGlobalSection
EndGlobal
